
Microsoft Visual Studio Solution File, Format Version 12.00
# Visual Studio 14
VisualStudioVersion = 14.0.23107.0
MinimumVisualStudioVersion = 10.0.40219.1
Project("{FAE04EC0-301F-11D3-BF4B-00C04F79EFBC}") = "CodeLab.Cross.Droid", "CodeLab.Cross\CodeLab.Cross.Droid\CodeLab.Cross.Droid.csproj", "{A14FD57A-FE78-4557-9787-EE76D5816540}"
EndProject
Project("{FAE04EC0-301F-11D3-BF4B-00C04F79EFBC}") = "CodeLab.Cross.iOS", "CodeLab.Cross\CodeLab.Cross.iOS\CodeLab.Cross.iOS.csproj", "{972A7444-BA19-44D7-BA84-918BADBF915B}"
EndProject
Project("{FAE04EC0-301F-11D3-BF4B-00C04F79EFBC}") = "CodeLab.Cross.WinPhone", "CodeLab.Cross\CodeLab.Cross.WinPhone\CodeLab.Cross.WinPhone.csproj", "{FB92FC44-4587-4E1A-B9FC-860CC34894AB}"
EndProject
Project("{FAE04EC0-301F-11D3-BF4B-00C04F79EFBC}") = "CodeLab.Cross.UWP", "CodeLab.Cross\CodeLab.Cross.UWP\CodeLab.Cross.UWP.csproj", "{BBAC1808-4644-4E5C-A853-EA5085C094F0}"
EndProject
Project("{FAE04EC0-301F-11D3-BF4B-00C04F79EFBC}") = "CodeLab.Cross.Windows", "CodeLab.Cross\CodeLab.Cross.Windows\CodeLab.Cross.Windows.csproj", "{A9BF45AB-BCEF-41E0-871F-71C14D6AF535}"
EndProject
Project("{FAE04EC0-301F-11D3-BF4B-00C04F79EFBC}") = "CodeLab.Cross", "CodeLab.Cross\CodeLab.Cross\CodeLab.Cross.csproj", "{E58FB5DD-6552-477C-841A-BCA8F9A83075}"
EndProject
Global
	GlobalSection(SolutionConfigurationPlatforms) = preSolution
		Ad-Hoc|Any CPU = Ad-Hoc|Any CPU
		Ad-Hoc|ARM = Ad-Hoc|ARM
		Ad-Hoc|iPhone = Ad-Hoc|iPhone
		Ad-Hoc|iPhoneSimulator = Ad-Hoc|iPhoneSimulator
		Ad-Hoc|x64 = Ad-Hoc|x64
		Ad-Hoc|x86 = Ad-Hoc|x86
		AppStore|Any CPU = AppStore|Any CPU
		AppStore|ARM = AppStore|ARM
		AppStore|iPhone = AppStore|iPhone
		AppStore|iPhoneSimulator = AppStore|iPhoneSimulator
		AppStore|x64 = AppStore|x64
		AppStore|x86 = AppStore|x86
		Debug|Any CPU = Debug|Any CPU
		Debug|ARM = Debug|ARM
		Debug|iPhone = Debug|iPhone
		Debug|iPhoneSimulator = Debug|iPhoneSimulator
		Debug|x64 = Debug|x64
		Debug|x86 = Debug|x86
		Release|Any CPU = Release|Any CPU
		Release|ARM = Release|ARM
		Release|iPhone = Release|iPhone
		Release|iPhoneSimulator = Release|iPhoneSimulator
		Release|x64 = Release|x64
		Release|x86 = Release|x86
	EndGlobalSection
	GlobalSection(ProjectConfigurationPlatforms) = postSolution
		{A14FD57A-FE78-4557-9787-EE76D5816540}.Ad-Hoc|Any CPU.ActiveCfg = Release|Any CPU
		{A14FD57A-FE78-4557-9787-EE76D5816540}.Ad-Hoc|Any CPU.Build.0 = Release|Any CPU
		{A14FD57A-FE78-4557-9787-EE76D5816540}.Ad-Hoc|Any CPU.Deploy.0 = Release|Any CPU
		{A14FD57A-FE78-4557-9787-EE76D5816540}.Ad-Hoc|ARM.ActiveCfg = Release|Any CPU
		{A14FD57A-FE78-4557-9787-EE76D5816540}.Ad-Hoc|ARM.Build.0 = Release|Any CPU
		{A14FD57A-FE78-4557-9787-EE76D5816540}.Ad-Hoc|ARM.Deploy.0 = Release|Any CPU
		{A14FD57A-FE78-4557-9787-EE76D5816540}.Ad-Hoc|iPhone.ActiveCfg = Release|Any CPU
		{A14FD57A-FE78-4557-9787-EE76D5816540}.Ad-Hoc|iPhone.Build.0 = Release|Any CPU
		{A14FD57A-FE78-4557-9787-EE76D5816540}.Ad-Hoc|iPhone.Deploy.0 = Release|Any CPU
		{A14FD57A-FE78-4557-9787-EE76D5816540}.Ad-Hoc|iPhoneSimulator.ActiveCfg = Release|Any CPU
		{A14FD57A-FE78-4557-9787-EE76D5816540}.Ad-Hoc|iPhoneSimulator.Build.0 = Release|Any CPU
		{A14FD57A-FE78-4557-9787-EE76D5816540}.Ad-Hoc|iPhoneSimulator.Deploy.0 = Release|Any CPU
		{A14FD57A-FE78-4557-9787-EE76D5816540}.Ad-Hoc|x64.ActiveCfg = Release|Any CPU
		{A14FD57A-FE78-4557-9787-EE76D5816540}.Ad-Hoc|x64.Build.0 = Release|Any CPU
		{A14FD57A-FE78-4557-9787-EE76D5816540}.Ad-Hoc|x64.Deploy.0 = Release|Any CPU
		{A14FD57A-FE78-4557-9787-EE76D5816540}.Ad-Hoc|x86.ActiveCfg = Release|Any CPU
		{A14FD57A-FE78-4557-9787-EE76D5816540}.Ad-Hoc|x86.Build.0 = Release|Any CPU
		{A14FD57A-FE78-4557-9787-EE76D5816540}.Ad-Hoc|x86.Deploy.0 = Release|Any CPU
		{A14FD57A-FE78-4557-9787-EE76D5816540}.AppStore|Any CPU.ActiveCfg = Release|Any CPU
		{A14FD57A-FE78-4557-9787-EE76D5816540}.AppStore|Any CPU.Build.0 = Release|Any CPU
		{A14FD57A-FE78-4557-9787-EE76D5816540}.AppStore|Any CPU.Deploy.0 = Release|Any CPU
		{A14FD57A-FE78-4557-9787-EE76D5816540}.AppStore|ARM.ActiveCfg = Release|Any CPU
		{A14FD57A-FE78-4557-9787-EE76D5816540}.AppStore|ARM.Build.0 = Release|Any CPU
		{A14FD57A-FE78-4557-9787-EE76D5816540}.AppStore|ARM.Deploy.0 = Release|Any CPU
		{A14FD57A-FE78-4557-9787-EE76D5816540}.AppStore|iPhone.ActiveCfg = Release|Any CPU
		{A14FD57A-FE78-4557-9787-EE76D5816540}.AppStore|iPhone.Build.0 = Release|Any CPU
		{A14FD57A-FE78-4557-9787-EE76D5816540}.AppStore|iPhone.Deploy.0 = Release|Any CPU
		{A14FD57A-FE78-4557-9787-EE76D5816540}.AppStore|iPhoneSimulator.ActiveCfg = Release|Any CPU
		{A14FD57A-FE78-4557-9787-EE76D5816540}.AppStore|iPhoneSimulator.Build.0 = Release|Any CPU
		{A14FD57A-FE78-4557-9787-EE76D5816540}.AppStore|iPhoneSimulator.Deploy.0 = Release|Any CPU
		{A14FD57A-FE78-4557-9787-EE76D5816540}.AppStore|x64.ActiveCfg = Release|Any CPU
		{A14FD57A-FE78-4557-9787-EE76D5816540}.AppStore|x64.Build.0 = Release|Any CPU
		{A14FD57A-FE78-4557-9787-EE76D5816540}.AppStore|x64.Deploy.0 = Release|Any CPU
		{A14FD57A-FE78-4557-9787-EE76D5816540}.AppStore|x86.ActiveCfg = Release|Any CPU
		{A14FD57A-FE78-4557-9787-EE76D5816540}.AppStore|x86.Build.0 = Release|Any CPU
		{A14FD57A-FE78-4557-9787-EE76D5816540}.AppStore|x86.Deploy.0 = Release|Any CPU
		{A14FD57A-FE78-4557-9787-EE76D5816540}.Debug|Any CPU.ActiveCfg = Debug|Any CPU
		{A14FD57A-FE78-4557-9787-EE76D5816540}.Debug|Any CPU.Build.0 = Debug|Any CPU
		{A14FD57A-FE78-4557-9787-EE76D5816540}.Debug|Any CPU.Deploy.0 = Debug|Any CPU
		{A14FD57A-FE78-4557-9787-EE76D5816540}.Debug|ARM.ActiveCfg = Debug|Any CPU
		{A14FD57A-FE78-4557-9787-EE76D5816540}.Debug|ARM.Build.0 = Debug|Any CPU
		{A14FD57A-FE78-4557-9787-EE76D5816540}.Debug|ARM.Deploy.0 = Debug|Any CPU
		{A14FD57A-FE78-4557-9787-EE76D5816540}.Debug|iPhone.ActiveCfg = Debug|Any CPU
		{A14FD57A-FE78-4557-9787-EE76D5816540}.Debug|iPhone.Build.0 = Debug|Any CPU
		{A14FD57A-FE78-4557-9787-EE76D5816540}.Debug|iPhone.Deploy.0 = Debug|Any CPU
		{A14FD57A-FE78-4557-9787-EE76D5816540}.Debug|iPhoneSimulator.ActiveCfg = Debug|Any CPU
		{A14FD57A-FE78-4557-9787-EE76D5816540}.Debug|iPhoneSimulator.Build.0 = Debug|Any CPU
		{A14FD57A-FE78-4557-9787-EE76D5816540}.Debug|iPhoneSimulator.Deploy.0 = Debug|Any CPU
		{A14FD57A-FE78-4557-9787-EE76D5816540}.Debug|x64.ActiveCfg = Debug|Any CPU
		{A14FD57A-FE78-4557-9787-EE76D5816540}.Debug|x64.Build.0 = Debug|Any CPU
		{A14FD57A-FE78-4557-9787-EE76D5816540}.Debug|x64.Deploy.0 = Debug|Any CPU
		{A14FD57A-FE78-4557-9787-EE76D5816540}.Debug|x86.ActiveCfg = Debug|Any CPU
		{A14FD57A-FE78-4557-9787-EE76D5816540}.Debug|x86.Build.0 = Debug|Any CPU
		{A14FD57A-FE78-4557-9787-EE76D5816540}.Debug|x86.Deploy.0 = Debug|Any CPU
		{A14FD57A-FE78-4557-9787-EE76D5816540}.Release|Any CPU.ActiveCfg = Release|Any CPU
		{A14FD57A-FE78-4557-9787-EE76D5816540}.Release|Any CPU.Build.0 = Release|Any CPU
		{A14FD57A-FE78-4557-9787-EE76D5816540}.Release|Any CPU.Deploy.0 = Release|Any CPU
		{A14FD57A-FE78-4557-9787-EE76D5816540}.Release|ARM.ActiveCfg = Release|Any CPU
		{A14FD57A-FE78-4557-9787-EE76D5816540}.Release|ARM.Build.0 = Release|Any CPU
		{A14FD57A-FE78-4557-9787-EE76D5816540}.Release|ARM.Deploy.0 = Release|Any CPU
		{A14FD57A-FE78-4557-9787-EE76D5816540}.Release|iPhone.ActiveCfg = Release|Any CPU
		{A14FD57A-FE78-4557-9787-EE76D5816540}.Release|iPhone.Build.0 = Release|Any CPU
		{A14FD57A-FE78-4557-9787-EE76D5816540}.Release|iPhone.Deploy.0 = Release|Any CPU
		{A14FD57A-FE78-4557-9787-EE76D5816540}.Release|iPhoneSimulator.ActiveCfg = Release|Any CPU
		{A14FD57A-FE78-4557-9787-EE76D5816540}.Release|iPhoneSimulator.Build.0 = Release|Any CPU
		{A14FD57A-FE78-4557-9787-EE76D5816540}.Release|iPhoneSimulator.Deploy.0 = Release|Any CPU
		{A14FD57A-FE78-4557-9787-EE76D5816540}.Release|x64.ActiveCfg = Release|Any CPU
		{A14FD57A-FE78-4557-9787-EE76D5816540}.Release|x64.Build.0 = Release|Any CPU
		{A14FD57A-FE78-4557-9787-EE76D5816540}.Release|x64.Deploy.0 = Release|Any CPU
		{A14FD57A-FE78-4557-9787-EE76D5816540}.Release|x86.ActiveCfg = Release|Any CPU
		{A14FD57A-FE78-4557-9787-EE76D5816540}.Release|x86.Build.0 = Release|Any CPU
		{A14FD57A-FE78-4557-9787-EE76D5816540}.Release|x86.Deploy.0 = Release|Any CPU
		{972A7444-BA19-44D7-BA84-918BADBF915B}.Ad-Hoc|Any CPU.ActiveCfg = Ad-Hoc|iPhone
		{972A7444-BA19-44D7-BA84-918BADBF915B}.Ad-Hoc|ARM.ActiveCfg = Ad-Hoc|iPhone
		{972A7444-BA19-44D7-BA84-918BADBF915B}.Ad-Hoc|iPhone.ActiveCfg = Ad-Hoc|iPhone
		{972A7444-BA19-44D7-BA84-918BADBF915B}.Ad-Hoc|iPhone.Build.0 = Ad-Hoc|iPhone
		{972A7444-BA19-44D7-BA84-918BADBF915B}.Ad-Hoc|iPhoneSimulator.ActiveCfg = Ad-Hoc|iPhoneSimulator
		{972A7444-BA19-44D7-BA84-918BADBF915B}.Ad-Hoc|iPhoneSimulator.Build.0 = Ad-Hoc|iPhoneSimulator
		{972A7444-BA19-44D7-BA84-918BADBF915B}.Ad-Hoc|x64.ActiveCfg = Ad-Hoc|iPhone
		{972A7444-BA19-44D7-BA84-918BADBF915B}.Ad-Hoc|x86.ActiveCfg = Ad-Hoc|iPhone
		{972A7444-BA19-44D7-BA84-918BADBF915B}.AppStore|Any CPU.ActiveCfg = AppStore|iPhone
		{972A7444-BA19-44D7-BA84-918BADBF915B}.AppStore|ARM.ActiveCfg = AppStore|iPhone
		{972A7444-BA19-44D7-BA84-918BADBF915B}.AppStore|iPhone.ActiveCfg = AppStore|iPhone
		{972A7444-BA19-44D7-BA84-918BADBF915B}.AppStore|iPhone.Build.0 = AppStore|iPhone
		{972A7444-BA19-44D7-BA84-918BADBF915B}.AppStore|iPhoneSimulator.ActiveCfg = AppStore|iPhoneSimulator
		{972A7444-BA19-44D7-BA84-918BADBF915B}.AppStore|iPhoneSimulator.Build.0 = AppStore|iPhoneSimulator
		{972A7444-BA19-44D7-BA84-918BADBF915B}.AppStore|x64.ActiveCfg = AppStore|iPhone
		{972A7444-BA19-44D7-BA84-918BADBF915B}.AppStore|x86.ActiveCfg = AppStore|iPhone
		{972A7444-BA19-44D7-BA84-918BADBF915B}.Debug|Any CPU.ActiveCfg = Debug|iPhone
		{972A7444-BA19-44D7-BA84-918BADBF915B}.Debug|ARM.ActiveCfg = Debug|iPhone
		{972A7444-BA19-44D7-BA84-918BADBF915B}.Debug|iPhone.ActiveCfg = Debug|iPhone
		{972A7444-BA19-44D7-BA84-918BADBF915B}.Debug|iPhone.Build.0 = Debug|iPhone
		{972A7444-BA19-44D7-BA84-918BADBF915B}.Debug|iPhoneSimulator.ActiveCfg = Debug|iPhoneSimulator
		{972A7444-BA19-44D7-BA84-918BADBF915B}.Debug|iPhoneSimulator.Build.0 = Debug|iPhoneSimulator
		{972A7444-BA19-44D7-BA84-918BADBF915B}.Debug|x64.ActiveCfg = Debug|iPhone
		{972A7444-BA19-44D7-BA84-918BADBF915B}.Debug|x86.ActiveCfg = Debug|iPhone
		{972A7444-BA19-44D7-BA84-918BADBF915B}.Release|Any CPU.ActiveCfg = Release|iPhone
		{972A7444-BA19-44D7-BA84-918BADBF915B}.Release|ARM.ActiveCfg = Release|iPhone
		{972A7444-BA19-44D7-BA84-918BADBF915B}.Release|iPhone.ActiveCfg = Release|iPhone
		{972A7444-BA19-44D7-BA84-918BADBF915B}.Release|iPhone.Build.0 = Release|iPhone
		{972A7444-BA19-44D7-BA84-918BADBF915B}.Release|iPhoneSimulator.ActiveCfg = Release|iPhoneSimulator
		{972A7444-BA19-44D7-BA84-918BADBF915B}.Release|iPhoneSimulator.Build.0 = Release|iPhoneSimulator
		{972A7444-BA19-44D7-BA84-918BADBF915B}.Release|x64.ActiveCfg = Release|iPhone
		{972A7444-BA19-44D7-BA84-918BADBF915B}.Release|x86.ActiveCfg = Release|iPhone
		{FB92FC44-4587-4E1A-B9FC-860CC34894AB}.Ad-Hoc|Any CPU.ActiveCfg = Release|Any CPU
		{FB92FC44-4587-4E1A-B9FC-860CC34894AB}.Ad-Hoc|Any CPU.Build.0 = Release|Any CPU
		{FB92FC44-4587-4E1A-B9FC-860CC34894AB}.Ad-Hoc|Any CPU.Deploy.0 = Release|Any CPU
		{FB92FC44-4587-4E1A-B9FC-860CC34894AB}.Ad-Hoc|ARM.ActiveCfg = Release|ARM
		{FB92FC44-4587-4E1A-B9FC-860CC34894AB}.Ad-Hoc|ARM.Build.0 = Release|ARM
		{FB92FC44-4587-4E1A-B9FC-860CC34894AB}.Ad-Hoc|ARM.Deploy.0 = Release|ARM
		{FB92FC44-4587-4E1A-B9FC-860CC34894AB}.Ad-Hoc|iPhone.ActiveCfg = Release|Any CPU
		{FB92FC44-4587-4E1A-B9FC-860CC34894AB}.Ad-Hoc|iPhone.Build.0 = Release|Any CPU
		{FB92FC44-4587-4E1A-B9FC-860CC34894AB}.Ad-Hoc|iPhone.Deploy.0 = Release|Any CPU
		{FB92FC44-4587-4E1A-B9FC-860CC34894AB}.Ad-Hoc|iPhoneSimulator.ActiveCfg = Release|Any CPU
		{FB92FC44-4587-4E1A-B9FC-860CC34894AB}.Ad-Hoc|iPhoneSimulator.Build.0 = Release|Any CPU
		{FB92FC44-4587-4E1A-B9FC-860CC34894AB}.Ad-Hoc|iPhoneSimulator.Deploy.0 = Release|Any CPU
		{FB92FC44-4587-4E1A-B9FC-860CC34894AB}.Ad-Hoc|x64.ActiveCfg = Release|Any CPU
		{FB92FC44-4587-4E1A-B9FC-860CC34894AB}.Ad-Hoc|x64.Build.0 = Release|Any CPU
		{FB92FC44-4587-4E1A-B9FC-860CC34894AB}.Ad-Hoc|x64.Deploy.0 = Release|Any CPU
		{FB92FC44-4587-4E1A-B9FC-860CC34894AB}.Ad-Hoc|x86.ActiveCfg = Release|x86
		{FB92FC44-4587-4E1A-B9FC-860CC34894AB}.Ad-Hoc|x86.Build.0 = Release|x86
		{FB92FC44-4587-4E1A-B9FC-860CC34894AB}.Ad-Hoc|x86.Deploy.0 = Release|x86
		{FB92FC44-4587-4E1A-B9FC-860CC34894AB}.AppStore|Any CPU.ActiveCfg = Release|Any CPU
		{FB92FC44-4587-4E1A-B9FC-860CC34894AB}.AppStore|Any CPU.Build.0 = Release|Any CPU
		{FB92FC44-4587-4E1A-B9FC-860CC34894AB}.AppStore|Any CPU.Deploy.0 = Release|Any CPU
		{FB92FC44-4587-4E1A-B9FC-860CC34894AB}.AppStore|ARM.ActiveCfg = Release|ARM
		{FB92FC44-4587-4E1A-B9FC-860CC34894AB}.AppStore|ARM.Build.0 = Release|ARM
		{FB92FC44-4587-4E1A-B9FC-860CC34894AB}.AppStore|ARM.Deploy.0 = Release|ARM
		{FB92FC44-4587-4E1A-B9FC-860CC34894AB}.AppStore|iPhone.ActiveCfg = Release|Any CPU
		{FB92FC44-4587-4E1A-B9FC-860CC34894AB}.AppStore|iPhone.Build.0 = Release|Any CPU
		{FB92FC44-4587-4E1A-B9FC-860CC34894AB}.AppStore|iPhone.Deploy.0 = Release|Any CPU
		{FB92FC44-4587-4E1A-B9FC-860CC34894AB}.AppStore|iPhoneSimulator.ActiveCfg = Release|Any CPU
		{FB92FC44-4587-4E1A-B9FC-860CC34894AB}.AppStore|iPhoneSimulator.Build.0 = Release|Any CPU
		{FB92FC44-4587-4E1A-B9FC-860CC34894AB}.AppStore|iPhoneSimulator.Deploy.0 = Release|Any CPU
		{FB92FC44-4587-4E1A-B9FC-860CC34894AB}.AppStore|x64.ActiveCfg = Release|Any CPU
		{FB92FC44-4587-4E1A-B9FC-860CC34894AB}.AppStore|x64.Build.0 = Release|Any CPU
		{FB92FC44-4587-4E1A-B9FC-860CC34894AB}.AppStore|x64.Deploy.0 = Release|Any CPU
		{FB92FC44-4587-4E1A-B9FC-860CC34894AB}.AppStore|x86.ActiveCfg = Release|x86
		{FB92FC44-4587-4E1A-B9FC-860CC34894AB}.AppStore|x86.Build.0 = Release|x86
		{FB92FC44-4587-4E1A-B9FC-860CC34894AB}.AppStore|x86.Deploy.0 = Release|x86
		{FB92FC44-4587-4E1A-B9FC-860CC34894AB}.Debug|Any CPU.ActiveCfg = Debug|Any CPU
		{FB92FC44-4587-4E1A-B9FC-860CC34894AB}.Debug|Any CPU.Build.0 = Debug|Any CPU
		{FB92FC44-4587-4E1A-B9FC-860CC34894AB}.Debug|Any CPU.Deploy.0 = Debug|Any CPU
		{FB92FC44-4587-4E1A-B9FC-860CC34894AB}.Debug|ARM.ActiveCfg = Debug|ARM
		{FB92FC44-4587-4E1A-B9FC-860CC34894AB}.Debug|ARM.Build.0 = Debug|ARM
		{FB92FC44-4587-4E1A-B9FC-860CC34894AB}.Debug|ARM.Deploy.0 = Debug|ARM
		{FB92FC44-4587-4E1A-B9FC-860CC34894AB}.Debug|iPhone.ActiveCfg = Debug|Any CPU
		{FB92FC44-4587-4E1A-B9FC-860CC34894AB}.Debug|iPhone.Build.0 = Debug|Any CPU
		{FB92FC44-4587-4E1A-B9FC-860CC34894AB}.Debug|iPhone.Deploy.0 = Debug|Any CPU
		{FB92FC44-4587-4E1A-B9FC-860CC34894AB}.Debug|iPhoneSimulator.ActiveCfg = Debug|Any CPU
		{FB92FC44-4587-4E1A-B9FC-860CC34894AB}.Debug|iPhoneSimulator.Build.0 = Debug|Any CPU
		{FB92FC44-4587-4E1A-B9FC-860CC34894AB}.Debug|iPhoneSimulator.Deploy.0 = Debug|Any CPU
		{FB92FC44-4587-4E1A-B9FC-860CC34894AB}.Debug|x64.ActiveCfg = Debug|Any CPU
		{FB92FC44-4587-4E1A-B9FC-860CC34894AB}.Debug|x64.Build.0 = Debug|Any CPU
		{FB92FC44-4587-4E1A-B9FC-860CC34894AB}.Debug|x64.Deploy.0 = Debug|Any CPU
		{FB92FC44-4587-4E1A-B9FC-860CC34894AB}.Debug|x86.ActiveCfg = Debug|x86
		{FB92FC44-4587-4E1A-B9FC-860CC34894AB}.Debug|x86.Build.0 = Debug|x86
		{FB92FC44-4587-4E1A-B9FC-860CC34894AB}.Debug|x86.Deploy.0 = Debug|x86
		{FB92FC44-4587-4E1A-B9FC-860CC34894AB}.Release|Any CPU.ActiveCfg = Release|Any CPU
		{FB92FC44-4587-4E1A-B9FC-860CC34894AB}.Release|Any CPU.Build.0 = Release|Any CPU
		{FB92FC44-4587-4E1A-B9FC-860CC34894AB}.Release|Any CPU.Deploy.0 = Release|Any CPU
		{FB92FC44-4587-4E1A-B9FC-860CC34894AB}.Release|ARM.ActiveCfg = Release|ARM
		{FB92FC44-4587-4E1A-B9FC-860CC34894AB}.Release|ARM.Build.0 = Release|ARM
		{FB92FC44-4587-4E1A-B9FC-860CC34894AB}.Release|ARM.Deploy.0 = Release|ARM
		{FB92FC44-4587-4E1A-B9FC-860CC34894AB}.Release|iPhone.ActiveCfg = Release|Any CPU
		{FB92FC44-4587-4E1A-B9FC-860CC34894AB}.Release|iPhone.Build.0 = Release|Any CPU
		{FB92FC44-4587-4E1A-B9FC-860CC34894AB}.Release|iPhone.Deploy.0 = Release|Any CPU
		{FB92FC44-4587-4E1A-B9FC-860CC34894AB}.Release|iPhoneSimulator.ActiveCfg = Release|Any CPU
		{FB92FC44-4587-4E1A-B9FC-860CC34894AB}.Release|iPhoneSimulator.Build.0 = Release|Any CPU
		{FB92FC44-4587-4E1A-B9FC-860CC34894AB}.Release|iPhoneSimulator.Deploy.0 = Release|Any CPU
		{FB92FC44-4587-4E1A-B9FC-860CC34894AB}.Release|x64.ActiveCfg = Release|Any CPU
		{FB92FC44-4587-4E1A-B9FC-860CC34894AB}.Release|x64.Build.0 = Release|Any CPU
		{FB92FC44-4587-4E1A-B9FC-860CC34894AB}.Release|x64.Deploy.0 = Release|Any CPU
		{FB92FC44-4587-4E1A-B9FC-860CC34894AB}.Release|x86.ActiveCfg = Release|x86
		{FB92FC44-4587-4E1A-B9FC-860CC34894AB}.Release|x86.Build.0 = Release|x86
		{FB92FC44-4587-4E1A-B9FC-860CC34894AB}.Release|x86.Deploy.0 = Release|x86
		{BBAC1808-4644-4E5C-A853-EA5085C094F0}.Ad-Hoc|Any CPU.ActiveCfg = Release|x86
		{BBAC1808-4644-4E5C-A853-EA5085C094F0}.Ad-Hoc|Any CPU.Build.0 = Release|x86
		{BBAC1808-4644-4E5C-A853-EA5085C094F0}.Ad-Hoc|Any CPU.Deploy.0 = Release|x86
		{BBAC1808-4644-4E5C-A853-EA5085C094F0}.Ad-Hoc|ARM.ActiveCfg = Release|ARM
		{BBAC1808-4644-4E5C-A853-EA5085C094F0}.Ad-Hoc|ARM.Build.0 = Release|ARM
		{BBAC1808-4644-4E5C-A853-EA5085C094F0}.Ad-Hoc|ARM.Deploy.0 = Release|ARM
		{BBAC1808-4644-4E5C-A853-EA5085C094F0}.Ad-Hoc|iPhone.ActiveCfg = Release|x86
		{BBAC1808-4644-4E5C-A853-EA5085C094F0}.Ad-Hoc|iPhone.Build.0 = Release|x86
		{BBAC1808-4644-4E5C-A853-EA5085C094F0}.Ad-Hoc|iPhone.Deploy.0 = Release|x86
		{BBAC1808-4644-4E5C-A853-EA5085C094F0}.Ad-Hoc|iPhoneSimulator.ActiveCfg = Release|x86
		{BBAC1808-4644-4E5C-A853-EA5085C094F0}.Ad-Hoc|iPhoneSimulator.Build.0 = Release|x86
		{BBAC1808-4644-4E5C-A853-EA5085C094F0}.Ad-Hoc|iPhoneSimulator.Deploy.0 = Release|x86
		{BBAC1808-4644-4E5C-A853-EA5085C094F0}.Ad-Hoc|x64.ActiveCfg = Release|x64
		{BBAC1808-4644-4E5C-A853-EA5085C094F0}.Ad-Hoc|x64.Build.0 = Release|x64
		{BBAC1808-4644-4E5C-A853-EA5085C094F0}.Ad-Hoc|x64.Deploy.0 = Release|x64
		{BBAC1808-4644-4E5C-A853-EA5085C094F0}.Ad-Hoc|x86.ActiveCfg = Release|x86
		{BBAC1808-4644-4E5C-A853-EA5085C094F0}.Ad-Hoc|x86.Build.0 = Release|x86
		{BBAC1808-4644-4E5C-A853-EA5085C094F0}.Ad-Hoc|x86.Deploy.0 = Release|x86
		{BBAC1808-4644-4E5C-A853-EA5085C094F0}.AppStore|Any CPU.ActiveCfg = Release|x86
		{BBAC1808-4644-4E5C-A853-EA5085C094F0}.AppStore|Any CPU.Build.0 = Release|x86
		{BBAC1808-4644-4E5C-A853-EA5085C094F0}.AppStore|Any CPU.Deploy.0 = Release|x86
		{BBAC1808-4644-4E5C-A853-EA5085C094F0}.AppStore|ARM.ActiveCfg = Release|ARM
		{BBAC1808-4644-4E5C-A853-EA5085C094F0}.AppStore|ARM.Build.0 = Release|ARM
		{BBAC1808-4644-4E5C-A853-EA5085C094F0}.AppStore|ARM.Deploy.0 = Release|ARM
		{BBAC1808-4644-4E5C-A853-EA5085C094F0}.AppStore|iPhone.ActiveCfg = Release|x86
		{BBAC1808-4644-4E5C-A853-EA5085C094F0}.AppStore|iPhone.Build.0 = Release|x86
		{BBAC1808-4644-4E5C-A853-EA5085C094F0}.AppStore|iPhone.Deploy.0 = Release|x86
		{BBAC1808-4644-4E5C-A853-EA5085C094F0}.AppStore|iPhoneSimulator.ActiveCfg = Release|x86
		{BBAC1808-4644-4E5C-A853-EA5085C094F0}.AppStore|iPhoneSimulator.Build.0 = Release|x86
		{BBAC1808-4644-4E5C-A853-EA5085C094F0}.AppStore|iPhoneSimulator.Deploy.0 = Release|x86
		{BBAC1808-4644-4E5C-A853-EA5085C094F0}.AppStore|x64.ActiveCfg = Release|x64
		{BBAC1808-4644-4E5C-A853-EA5085C094F0}.AppStore|x64.Build.0 = Release|x64
		{BBAC1808-4644-4E5C-A853-EA5085C094F0}.AppStore|x64.Deploy.0 = Release|x64
		{BBAC1808-4644-4E5C-A853-EA5085C094F0}.AppStore|x86.ActiveCfg = Release|x86
		{BBAC1808-4644-4E5C-A853-EA5085C094F0}.AppStore|x86.Build.0 = Release|x86
		{BBAC1808-4644-4E5C-A853-EA5085C094F0}.AppStore|x86.Deploy.0 = Release|x86
		{BBAC1808-4644-4E5C-A853-EA5085C094F0}.Debug|Any CPU.ActiveCfg = Debug|x86
		{BBAC1808-4644-4E5C-A853-EA5085C094F0}.Debug|ARM.ActiveCfg = Debug|ARM
		{BBAC1808-4644-4E5C-A853-EA5085C094F0}.Debug|ARM.Build.0 = Debug|ARM
		{BBAC1808-4644-4E5C-A853-EA5085C094F0}.Debug|ARM.Deploy.0 = Debug|ARM
		{BBAC1808-4644-4E5C-A853-EA5085C094F0}.Debug|iPhone.ActiveCfg = Debug|x86
		{BBAC1808-4644-4E5C-A853-EA5085C094F0}.Debug|iPhoneSimulator.ActiveCfg = Debug|x86
		{BBAC1808-4644-4E5C-A853-EA5085C094F0}.Debug|x64.ActiveCfg = Debug|x64
		{BBAC1808-4644-4E5C-A853-EA5085C094F0}.Debug|x64.Build.0 = Debug|x64
		{BBAC1808-4644-4E5C-A853-EA5085C094F0}.Debug|x64.Deploy.0 = Debug|x64
		{BBAC1808-4644-4E5C-A853-EA5085C094F0}.Debug|x86.ActiveCfg = Debug|x86
		{BBAC1808-4644-4E5C-A853-EA5085C094F0}.Debug|x86.Build.0 = Debug|x86
		{BBAC1808-4644-4E5C-A853-EA5085C094F0}.Debug|x86.Deploy.0 = Debug|x86
		{BBAC1808-4644-4E5C-A853-EA5085C094F0}.Release|Any CPU.ActiveCfg = Release|x86
		{BBAC1808-4644-4E5C-A853-EA5085C094F0}.Release|ARM.ActiveCfg = Release|ARM
		{BBAC1808-4644-4E5C-A853-EA5085C094F0}.Release|ARM.Build.0 = Release|ARM
		{BBAC1808-4644-4E5C-A853-EA5085C094F0}.Release|ARM.Deploy.0 = Release|ARM
		{BBAC1808-4644-4E5C-A853-EA5085C094F0}.Release|iPhone.ActiveCfg = Release|x86
		{BBAC1808-4644-4E5C-A853-EA5085C094F0}.Release|iPhoneSimulator.ActiveCfg = Release|x86
		{BBAC1808-4644-4E5C-A853-EA5085C094F0}.Release|x64.ActiveCfg = Release|x64
		{BBAC1808-4644-4E5C-A853-EA5085C094F0}.Release|x64.Build.0 = Release|x64
		{BBAC1808-4644-4E5C-A853-EA5085C094F0}.Release|x64.Deploy.0 = Release|x64
		{BBAC1808-4644-4E5C-A853-EA5085C094F0}.Release|x86.ActiveCfg = Release|x86
		{BBAC1808-4644-4E5C-A853-EA5085C094F0}.Release|x86.Build.0 = Release|x86
		{BBAC1808-4644-4E5C-A853-EA5085C094F0}.Release|x86.Deploy.0 = Release|x86
		{A9BF45AB-BCEF-41E0-871F-71C14D6AF535}.Ad-Hoc|Any CPU.ActiveCfg = Release|Any CPU
		{A9BF45AB-BCEF-41E0-871F-71C14D6AF535}.Ad-Hoc|Any CPU.Build.0 = Release|Any CPU
		{A9BF45AB-BCEF-41E0-871F-71C14D6AF535}.Ad-Hoc|Any CPU.Deploy.0 = Release|Any CPU
		{A9BF45AB-BCEF-41E0-871F-71C14D6AF535}.Ad-Hoc|ARM.ActiveCfg = Release|ARM
		{A9BF45AB-BCEF-41E0-871F-71C14D6AF535}.Ad-Hoc|ARM.Build.0 = Release|ARM
		{A9BF45AB-BCEF-41E0-871F-71C14D6AF535}.Ad-Hoc|ARM.Deploy.0 = Release|ARM
		{A9BF45AB-BCEF-41E0-871F-71C14D6AF535}.Ad-Hoc|iPhone.ActiveCfg = Release|Any CPU
		{A9BF45AB-BCEF-41E0-871F-71C14D6AF535}.Ad-Hoc|iPhone.Build.0 = Release|Any CPU
		{A9BF45AB-BCEF-41E0-871F-71C14D6AF535}.Ad-Hoc|iPhone.Deploy.0 = Release|Any CPU
		{A9BF45AB-BCEF-41E0-871F-71C14D6AF535}.Ad-Hoc|iPhoneSimulator.ActiveCfg = Release|Any CPU
		{A9BF45AB-BCEF-41E0-871F-71C14D6AF535}.Ad-Hoc|iPhoneSimulator.Build.0 = Release|Any CPU
		{A9BF45AB-BCEF-41E0-871F-71C14D6AF535}.Ad-Hoc|iPhoneSimulator.Deploy.0 = Release|Any CPU
		{A9BF45AB-BCEF-41E0-871F-71C14D6AF535}.Ad-Hoc|x64.ActiveCfg = Release|x64
		{A9BF45AB-BCEF-41E0-871F-71C14D6AF535}.Ad-Hoc|x64.Build.0 = Release|x64
		{A9BF45AB-BCEF-41E0-871F-71C14D6AF535}.Ad-Hoc|x64.Deploy.0 = Release|x64
		{A9BF45AB-BCEF-41E0-871F-71C14D6AF535}.Ad-Hoc|x86.ActiveCfg = Release|x86
		{A9BF45AB-BCEF-41E0-871F-71C14D6AF535}.Ad-Hoc|x86.Build.0 = Release|x86
		{A9BF45AB-BCEF-41E0-871F-71C14D6AF535}.Ad-Hoc|x86.Deploy.0 = Release|x86
		{A9BF45AB-BCEF-41E0-871F-71C14D6AF535}.AppStore|Any CPU.ActiveCfg = Release|Any CPU
		{A9BF45AB-BCEF-41E0-871F-71C14D6AF535}.AppStore|Any CPU.Build.0 = Release|Any CPU
		{A9BF45AB-BCEF-41E0-871F-71C14D6AF535}.AppStore|Any CPU.Deploy.0 = Release|Any CPU
		{A9BF45AB-BCEF-41E0-871F-71C14D6AF535}.AppStore|ARM.ActiveCfg = Release|ARM
		{A9BF45AB-BCEF-41E0-871F-71C14D6AF535}.AppStore|ARM.Build.0 = Release|ARM
		{A9BF45AB-BCEF-41E0-871F-71C14D6AF535}.AppStore|ARM.Deploy.0 = Release|ARM
		{A9BF45AB-BCEF-41E0-871F-71C14D6AF535}.AppStore|iPhone.ActiveCfg = Release|Any CPU
		{A9BF45AB-BCEF-41E0-871F-71C14D6AF535}.AppStore|iPhone.Build.0 = Release|Any CPU
		{A9BF45AB-BCEF-41E0-871F-71C14D6AF535}.AppStore|iPhone.Deploy.0 = Release|Any CPU
		{A9BF45AB-BCEF-41E0-871F-71C14D6AF535}.AppStore|iPhoneSimulator.ActiveCfg = Release|Any CPU
		{A9BF45AB-BCEF-41E0-871F-71C14D6AF535}.AppStore|iPhoneSimulator.Build.0 = Release|Any CPU
		{A9BF45AB-BCEF-41E0-871F-71C14D6AF535}.AppStore|iPhoneSimulator.Deploy.0 = Release|Any CPU
		{A9BF45AB-BCEF-41E0-871F-71C14D6AF535}.AppStore|x64.ActiveCfg = Release|x64
		{A9BF45AB-BCEF-41E0-871F-71C14D6AF535}.AppStore|x64.Build.0 = Release|x64
		{A9BF45AB-BCEF-41E0-871F-71C14D6AF535}.AppStore|x64.Deploy.0 = Release|x64
		{A9BF45AB-BCEF-41E0-871F-71C14D6AF535}.AppStore|x86.ActiveCfg = Release|x86
		{A9BF45AB-BCEF-41E0-871F-71C14D6AF535}.AppStore|x86.Build.0 = Release|x86
		{A9BF45AB-BCEF-41E0-871F-71C14D6AF535}.AppStore|x86.Deploy.0 = Release|x86
		{A9BF45AB-BCEF-41E0-871F-71C14D6AF535}.Debug|Any CPU.ActiveCfg = Debug|Any CPU
		{A9BF45AB-BCEF-41E0-871F-71C14D6AF535}.Debug|Any CPU.Build.0 = Debug|Any CPU
		{A9BF45AB-BCEF-41E0-871F-71C14D6AF535}.Debug|Any CPU.Deploy.0 = Debug|Any CPU
		{A9BF45AB-BCEF-41E0-871F-71C14D6AF535}.Debug|ARM.ActiveCfg = Debug|ARM
		{A9BF45AB-BCEF-41E0-871F-71C14D6AF535}.Debug|ARM.Build.0 = Debug|ARM
		{A9BF45AB-BCEF-41E0-871F-71C14D6AF535}.Debug|ARM.Deploy.0 = Debug|ARM
		{A9BF45AB-BCEF-41E0-871F-71C14D6AF535}.Debug|iPhone.ActiveCfg = Debug|Any CPU
		{A9BF45AB-BCEF-41E0-871F-71C14D6AF535}.Debug|iPhone.Build.0 = Debug|Any CPU
		{A9BF45AB-BCEF-41E0-871F-71C14D6AF535}.Debug|iPhone.Deploy.0 = Debug|Any CPU
		{A9BF45AB-BCEF-41E0-871F-71C14D6AF535}.Debug|iPhoneSimulator.ActiveCfg = Debug|Any CPU
		{A9BF45AB-BCEF-41E0-871F-71C14D6AF535}.Debug|iPhoneSimulator.Build.0 = Debug|Any CPU
		{A9BF45AB-BCEF-41E0-871F-71C14D6AF535}.Debug|iPhoneSimulator.Deploy.0 = Debug|Any CPU
		{A9BF45AB-BCEF-41E0-871F-71C14D6AF535}.Debug|x64.ActiveCfg = Debug|x64
		{A9BF45AB-BCEF-41E0-871F-71C14D6AF535}.Debug|x64.Build.0 = Debug|x64
		{A9BF45AB-BCEF-41E0-871F-71C14D6AF535}.Debug|x64.Deploy.0 = Debug|x64
		{A9BF45AB-BCEF-41E0-871F-71C14D6AF535}.Debug|x86.ActiveCfg = Debug|x86
		{A9BF45AB-BCEF-41E0-871F-71C14D6AF535}.Debug|x86.Build.0 = Debug|x86
		{A9BF45AB-BCEF-41E0-871F-71C14D6AF535}.Debug|x86.Deploy.0 = Debug|x86
		{A9BF45AB-BCEF-41E0-871F-71C14D6AF535}.Release|Any CPU.ActiveCfg = Release|Any CPU
		{A9BF45AB-BCEF-41E0-871F-71C14D6AF535}.Release|Any CPU.Build.0 = Release|Any CPU
		{A9BF45AB-BCEF-41E0-871F-71C14D6AF535}.Release|Any CPU.Deploy.0 = Release|Any CPU
		{A9BF45AB-BCEF-41E0-871F-71C14D6AF535}.Release|ARM.ActiveCfg = Release|ARM
		{A9BF45AB-BCEF-41E0-871F-71C14D6AF535}.Release|ARM.Build.0 = Release|ARM
		{A9BF45AB-BCEF-41E0-871F-71C14D6AF535}.Release|ARM.Deploy.0 = Release|ARM
		{A9BF45AB-BCEF-41E0-871F-71C14D6AF535}.Release|iPhone.ActiveCfg = Release|Any CPU
		{A9BF45AB-BCEF-41E0-871F-71C14D6AF535}.Release|iPhone.Build.0 = Release|Any CPU
		{A9BF45AB-BCEF-41E0-871F-71C14D6AF535}.Release|iPhone.Deploy.0 = Release|Any CPU
		{A9BF45AB-BCEF-41E0-871F-71C14D6AF535}.Release|iPhoneSimulator.ActiveCfg = Release|Any CPU
		{A9BF45AB-BCEF-41E0-871F-71C14D6AF535}.Release|iPhoneSimulator.Build.0 = Release|Any CPU
		{A9BF45AB-BCEF-41E0-871F-71C14D6AF535}.Release|iPhoneSimulator.Deploy.0 = Release|Any CPU
		{A9BF45AB-BCEF-41E0-871F-71C14D6AF535}.Release|x64.ActiveCfg = Release|x64
		{A9BF45AB-BCEF-41E0-871F-71C14D6AF535}.Release|x64.Build.0 = Release|x64
		{A9BF45AB-BCEF-41E0-871F-71C14D6AF535}.Release|x64.Deploy.0 = Release|x64
		{A9BF45AB-BCEF-41E0-871F-71C14D6AF535}.Release|x86.ActiveCfg = Release|x86
		{A9BF45AB-BCEF-41E0-871F-71C14D6AF535}.Release|x86.Build.0 = Release|x86
		{A9BF45AB-BCEF-41E0-871F-71C14D6AF535}.Release|x86.Deploy.0 = Release|x86
		{E58FB5DD-6552-477C-841A-BCA8F9A83075}.Ad-Hoc|Any CPU.ActiveCfg = Release|Any CPU
		{E58FB5DD-6552-477C-841A-BCA8F9A83075}.Ad-Hoc|Any CPU.Build.0 = Release|Any CPU
		{E58FB5DD-6552-477C-841A-BCA8F9A83075}.Ad-Hoc|ARM.ActiveCfg = Release|Any CPU
		{E58FB5DD-6552-477C-841A-BCA8F9A83075}.Ad-Hoc|ARM.Build.0 = Release|Any CPU
		{E58FB5DD-6552-477C-841A-BCA8F9A83075}.Ad-Hoc|iPhone.ActiveCfg = Release|Any CPU
		{E58FB5DD-6552-477C-841A-BCA8F9A83075}.Ad-Hoc|iPhone.Build.0 = Release|Any CPU
		{E58FB5DD-6552-477C-841A-BCA8F9A83075}.Ad-Hoc|iPhoneSimulator.ActiveCfg = Release|Any CPU
		{E58FB5DD-6552-477C-841A-BCA8F9A83075}.Ad-Hoc|iPhoneSimulator.Build.0 = Release|Any CPU
		{E58FB5DD-6552-477C-841A-BCA8F9A83075}.Ad-Hoc|x64.ActiveCfg = Release|Any CPU
		{E58FB5DD-6552-477C-841A-BCA8F9A83075}.Ad-Hoc|x64.Build.0 = Release|Any CPU
		{E58FB5DD-6552-477C-841A-BCA8F9A83075}.Ad-Hoc|x86.ActiveCfg = Release|Any CPU
		{E58FB5DD-6552-477C-841A-BCA8F9A83075}.Ad-Hoc|x86.Build.0 = Release|Any CPU
		{E58FB5DD-6552-477C-841A-BCA8F9A83075}.AppStore|Any CPU.ActiveCfg = Release|Any CPU
		{E58FB5DD-6552-477C-841A-BCA8F9A83075}.AppStore|Any CPU.Build.0 = Release|Any CPU
		{E58FB5DD-6552-477C-841A-BCA8F9A83075}.AppStore|ARM.ActiveCfg = Release|Any CPU
		{E58FB5DD-6552-477C-841A-BCA8F9A83075}.AppStore|ARM.Build.0 = Release|Any CPU
		{E58FB5DD-6552-477C-841A-BCA8F9A83075}.AppStore|iPhone.ActiveCfg = Release|Any CPU
		{E58FB5DD-6552-477C-841A-BCA8F9A83075}.AppStore|iPhone.Build.0 = Release|Any CPU
		{E58FB5DD-6552-477C-841A-BCA8F9A83075}.AppStore|iPhoneSimulator.ActiveCfg = Release|Any CPU
		{E58FB5DD-6552-477C-841A-BCA8F9A83075}.AppStore|iPhoneSimulator.Build.0 = Release|Any CPU
		{E58FB5DD-6552-477C-841A-BCA8F9A83075}.AppStore|x64.ActiveCfg = Release|Any CPU
		{E58FB5DD-6552-477C-841A-BCA8F9A83075}.AppStore|x64.Build.0 = Release|Any CPU
		{E58FB5DD-6552-477C-841A-BCA8F9A83075}.AppStore|x86.ActiveCfg = Release|Any CPU
		{E58FB5DD-6552-477C-841A-BCA8F9A83075}.AppStore|x86.Build.0 = Release|Any CPU
		{E58FB5DD-6552-477C-841A-BCA8F9A83075}.Debug|Any CPU.ActiveCfg = Debug|Any CPU
		{E58FB5DD-6552-477C-841A-BCA8F9A83075}.Debug|Any CPU.Build.0 = Debug|Any CPU
		{E58FB5DD-6552-477C-841A-BCA8F9A83075}.Debug|ARM.ActiveCfg = Debug|Any CPU
		{E58FB5DD-6552-477C-841A-BCA8F9A83075}.Debug|ARM.Build.0 = Debug|Any CPU
		{E58FB5DD-6552-477C-841A-BCA8F9A83075}.Debug|iPhone.ActiveCfg = Debug|Any CPU
		{E58FB5DD-6552-477C-841A-BCA8F9A83075}.Debug|iPhone.Build.0 = Debug|Any CPU
		{E58FB5DD-6552-477C-841A-BCA8F9A83075}.Debug|iPhoneSimulator.ActiveCfg = Debug|Any CPU
		{E58FB5DD-6552-477C-841A-BCA8F9A83075}.Debug|iPhoneSimulator.Build.0 = Debug|Any CPU
		{E58FB5DD-6552-477C-841A-BCA8F9A83075}.Debug|x64.ActiveCfg = Debug|Any CPU
		{E58FB5DD-6552-477C-841A-BCA8F9A83075}.Debug|x64.Build.0 = Debug|Any CPU
		{E58FB5DD-6552-477C-841A-BCA8F9A83075}.Debug|x86.ActiveCfg = Debug|Any CPU
		{E58FB5DD-6552-477C-841A-BCA8F9A83075}.Debug|x86.Build.0 = Debug|Any CPU
		{E58FB5DD-6552-477C-841A-BCA8F9A83075}.Release|Any CPU.ActiveCfg = Release|Any CPU
		{E58FB5DD-6552-477C-841A-BCA8F9A83075}.Release|Any CPU.Build.0 = Release|Any CPU
		{E58FB5DD-6552-477C-841A-BCA8F9A83075}.Release|ARM.ActiveCfg = Release|Any CPU
		{E58FB5DD-6552-477C-841A-BCA8F9A83075}.Release|ARM.Build.0 = Release|Any CPU
		{E58FB5DD-6552-477C-841A-BCA8F9A83075}.Release|iPhone.ActiveCfg = Release|Any CPU
		{E58FB5DD-6552-477C-841A-BCA8F9A83075}.Release|iPhone.Build.0 = Release|Any CPU
		{E58FB5DD-6552-477C-841A-BCA8F9A83075}.Release|iPhoneSimulator.ActiveCfg = Release|Any CPU
		{E58FB5DD-6552-477C-841A-BCA8F9A83075}.Release|iPhoneSimulator.Build.0 = Release|Any CPU
		{E58FB5DD-6552-477C-841A-BCA8F9A83075}.Release|x64.ActiveCfg = Release|Any CPU
		{E58FB5DD-6552-477C-841A-BCA8F9A83075}.Release|x64.Build.0 = Release|Any CPU
		{E58FB5DD-6552-477C-841A-BCA8F9A83075}.Release|x86.ActiveCfg = Release|Any CPU
		{E58FB5DD-6552-477C-841A-BCA8F9A83075}.Release|x86.Build.0 = Release|Any CPU
	EndGlobalSection
	GlobalSection(SolutionProperties) = preSolution
		HideSolutionNode = FALSE
	EndGlobalSection
EndGlobal
